
Microsoft Visual Studio Solution File, Format Version 11.00
# Visual Studio 2010
Project("{FAE04EC0-301F-11D3-BF4B-00C04F79EFBC}") = "eMediVision", "eMediVision\eMediVision.csproj", "{C744336A-7A1A-48A9-8F46-2DCF1B395069}"
EndProject
Project("{FAE04EC0-301F-11D3-BF4B-00C04F79EFBC}") = "AutocompleteMenu", "AutocompleteMenu\AutocompleteMenu.csproj", "{DFBE4B76-17F9-4ED4-91C2-0C354D187560}"
EndProject
Global
	GlobalSection(SolutionConfigurationPlatforms) = preSolution
		Debug|Any CPU = Debug|Any CPU
		Debug|Mixed Platforms = Debug|Mixed Platforms
		Debug|x86 = Debug|x86
		Release|Any CPU = Release|Any CPU
		Release|Mixed Platforms = Release|Mixed Platforms
		Release|x86 = Release|x86
	EndGlobalSection
	GlobalSection(ProjectConfigurationPlatforms) = postSolution
		{C744336A-7A1A-48A9-8F46-2DCF1B395069}.Debug|Any CPU.ActiveCfg = Debug|x86
		{C744336A-7A1A-48A9-8F46-2DCF1B395069}.Debug|Mixed Platforms.ActiveCfg = Debug|x86
		{C744336A-7A1A-48A9-8F46-2DCF1B395069}.Debug|Mixed Platforms.Build.0 = Debug|x86
		{C744336A-7A1A-48A9-8F46-2DCF1B395069}.Debug|x86.ActiveCfg = Debug|x86
		{C744336A-7A1A-48A9-8F46-2DCF1B395069}.Debug|x86.Build.0 = Debug|x86
		{C744336A-7A1A-48A9-8F46-2DCF1B395069}.Release|Any CPU.ActiveCfg = Release|x86
		{C744336A-7A1A-48A9-8F46-2DCF1B395069}.Release|Mixed Platforms.ActiveCfg = Release|x86
		{C744336A-7A1A-48A9-8F46-2DCF1B395069}.Release|Mixed Platforms.Build.0 = Release|x86
		{C744336A-7A1A-48A9-8F46-2DCF1B395069}.Release|x86.ActiveCfg = Release|x86
		{C744336A-7A1A-48A9-8F46-2DCF1B395069}.Release|x86.Build.0 = Release|x86
		{DFBE4B76-17F9-4ED4-91C2-0C354D187560}.Debug|Any CPU.ActiveCfg = Debug|Any CPU
		{DFBE4B76-17F9-4ED4-91C2-0C354D187560}.Debug|Any CPU.Build.0 = Debug|Any CPU
		{DFBE4B76-17F9-4ED4-91C2-0C354D187560}.Debug|Mixed Platforms.ActiveCfg = Debug|Any CPU
		{DFBE4B76-17F9-4ED4-91C2-0C354D187560}.Debug|Mixed Platforms.Build.0 = Debug|Any CPU
		{DFBE4B76-17F9-4ED4-91C2-0C354D187560}.Debug|x86.ActiveCfg = Debug|Any CPU
		{DFBE4B76-17F9-4ED4-91C2-0C354D187560}.Release|Any CPU.ActiveCfg = Release|Any CPU
		{DFBE4B76-17F9-4ED4-91C2-0C354D187560}.Release|Any CPU.Build.0 = Release|Any CPU
		{DFBE4B76-17F9-4ED4-91C2-0C354D187560}.Release|Mixed Platforms.ActiveCfg = Release|Any CPU
		{DFBE4B76-17F9-4ED4-91C2-0C354D187560}.Release|Mixed Platforms.Build.0 = Release|Any CPU
		{DFBE4B76-17F9-4ED4-91C2-0C354D187560}.Release|x86.ActiveCfg = Release|Any CPU
	EndGlobalSection
	GlobalSection(SolutionProperties) = preSolution
		HideSolutionNode = FALSE
	EndGlobalSection
EndGlobal
